
Microsoft Visual Studio Solution File, Format Version 12.00
# Visual Studio Version 17
VisualStudioVersion = 17.3.32901.215
MinimumVisualStudioVersion = 10.0.40219.1
Project("{FAE04EC0-301F-11D3-BF4B-00C04F79EFBC}") = "RubricaContatti", "RubricaContatti\RubricaContatti.csproj", "{F1D5199D-4F01-46BA-93BC-1D4BDA7049C0}"
EndProject
Global
	GlobalSection(SolutionConfigurationPlatforms) = preSolution
		Debug|Any CPU = Debug|Any CPU
		Release|Any CPU = Release|Any CPU
	EndGlobalSection
	GlobalSection(ProjectConfigurationPlatforms) = postSolution
		{F1D5199D-4F01-46BA-93BC-1D4BDA7049C0}.Debug|Any CPU.ActiveCfg = Debug|Any CPU
		{F1D5199D-4F01-46BA-93BC-1D4BDA7049C0}.Debug|Any CPU.Build.0 = Debug|Any CPU
		{F1D5199D-4F01-46BA-93BC-1D4BDA7049C0}.Release|Any CPU.ActiveCfg = Release|Any CPU
		{F1D5199D-4F01-46BA-93BC-1D4BDA7049C0}.Release|Any CPU.Build.0 = Release|Any CPU
	EndGlobalSection
	GlobalSection(SolutionProperties) = preSolution
		HideSolutionNode = FALSE
	EndGlobalSection
	GlobalSection(ExtensibilityGlobals) = postSolution
		SolutionGuid = {36CB1528-18D3-4705-A467-DCCBA797C45D}
	EndGlobalSection
EndGlobal
